// !$*UTF8*$!
{
	archiveVersion = 1;
	classes = {
	};
	objectVersion = 46;
	objects = {

/* Begin PBXBuildFile section */
		7CB23F4B1BA407F10014022B /* AppDelegate.swift in Sources */ = {isa = PBXBuildFile; fileRef = 7CB23F4A1BA407F10014022B /* AppDelegate.swift */; };
		7CB23F4D1BA407F10014022B /* ViewController.swift in Sources */ = {isa = PBXBuildFile; fileRef = 7CB23F4C1BA407F10014022B /* ViewController.swift */; };
		7CB23F501BA407F10014022B /* Main.storyboard in Resources */ = {isa = PBXBuildFile; fileRef = 7CB23F4E1BA407F10014022B /* Main.storyboard */; };
		7CB23F521BA407F10014022B /* Images.xcassets in Resources */ = {isa = PBXBuildFile; fileRef = 7CB23F511BA407F10014022B /* Images.xcassets */; };
		7CB23F551BA407F10014022B /* LaunchScreen.xib in Resources */ = {isa = PBXBuildFile; fileRef = 7CB23F531BA407F10014022B /* LaunchScreen.xib */; };
		7CB23F611BA407F20014022B /* exposhowTests.swift in Sources */ = {isa = PBXBuildFile; fileRef = 7CB23F601BA407F20014022B /* exposhowTests.swift */; };
		7CB23F6B1BA4087C0014022B /* map.png in Resources */ = {isa = PBXBuildFile; fileRef = 7CB23F6A1BA4087C0014022B /* map.png */; };
		7CB23F6F1BA467780014022B /* pavilions.csv in Resources */ = {isa = PBXBuildFile; fileRef = 7CB23F6E1BA467780014022B /* pavilions.csv */; };
		7CB23F711BA475440014022B /* PavilionsMap.swift in Sources */ = {isa = PBXBuildFile; fileRef = 7CB23F701BA475440014022B /* PavilionsMap.swift */; };
		7CB23F731BA4824B0014022B /* ImageMap.swift in Sources */ = {isa = PBXBuildFile; fileRef = 7CB23F721BA4824B0014022B /* ImageMap.swift */; };
/* End PBXBuildFile section */

/* Begin PBXContainerItemProxy section */
		7CB23F5B1BA407F20014022B /* PBXContainerItemProxy */ = {
			isa = PBXContainerItemProxy;
			containerPortal = 7CB23F3D1BA407F10014022B /* Project object */;
			proxyType = 1;
			remoteGlobalIDString = 7CB23F441BA407F10014022B;
			remoteInfo = exposhow;
		};
/* End PBXContainerItemProxy section */

/* Begin PBXFileReference section */
		7CB23F451BA407F10014022B /* exposhow.app */ = {isa = PBXFileReference; explicitFileType = wrapper.application; includeInIndex = 0; path = exposhow.app; sourceTree = BUILT_PRODUCTS_DIR; };
		7CB23F491BA407F10014022B /* Info.plist */ = {isa = PBXFileReference; lastKnownFileType = text.plist.xml; path = Info.plist; sourceTree = "<group>"; };
		7CB23F4A1BA407F10014022B /* AppDelegate.swift */ = {isa = PBXFileReference; lastKnownFileType = sourcecode.swift; path = AppDelegate.swift; sourceTree = "<group>"; };
		7CB23F4C1BA407F10014022B /* ViewController.swift */ = {isa = PBXFileReference; lastKnownFileType = sourcecode.swift; path = ViewController.swift; sourceTree = "<group>"; };
		7CB23F4F1BA407F10014022B /* Base */ = {isa = PBXFileReference; lastKnownFileType = file.storyboard; name = Base; path = Base.lproj/Main.storyboard; sourceTree = "<group>"; };
		7CB23F511BA407F10014022B /* Images.xcassets */ = {isa = PBXFileReference; lastKnownFileType = folder.assetcatalog; path = Images.xcassets; sourceTree = "<group>"; };
		7CB23F541BA407F10014022B /* Base */ = {isa = PBXFileReference; lastKnownFileType = file.xib; name = Base; path = Base.lproj/LaunchScreen.xib; sourceTree = "<group>"; };
		7CB23F5A1BA407F20014022B /* exposhowTests.xctest */ = {isa = PBXFileReference; explicitFileType = wrapper.cfbundle; includeInIndex = 0; path = exposhowTests.xctest; sourceTree = BUILT_PRODUCTS_DIR; };
		7CB23F5F1BA407F20014022B /* Info.plist */ = {isa = PBXFileReference; lastKnownFileType = text.plist.xml; path = Info.plist; sourceTree = "<group>"; };
		7CB23F601BA407F20014022B /* exposhowTests.swift */ = {isa = PBXFileReference; lastKnownFileType = sourcecode.swift; path = exposhowTests.swift; sourceTree = "<group>"; };
		7CB23F6A1BA4087C0014022B /* map.png */ = {isa = PBXFileReference; lastKnownFileType = image.png; path = map.png; sourceTree = "<group>"; };
		7CB23F6E1BA467780014022B /* pavilions.csv */ = {isa = PBXFileReference; fileEncoding = 4; lastKnownFileType = text; path = pavilions.csv; sourceTree = "<group>"; };
		7CB23F701BA475440014022B /* PavilionsMap.swift */ = {isa = PBXFileReference; fileEncoding = 4; lastKnownFileType = sourcecode.swift; path = PavilionsMap.swift; sourceTree = "<group>"; };
		7CB23F721BA4824B0014022B /* ImageMap.swift */ = {isa = PBXFileReference; fileEncoding = 4; lastKnownFileType = sourcecode.swift; path = ImageMap.swift; sourceTree = "<group>"; };
/* End PBXFileReference section */

/* Begin PBXFrameworksBuildPhase section */
		7CB23F421BA407F10014022B /* Frameworks */ = {
			isa = PBXFrameworksBuildPhase;
			buildActionMask = 2147483647;
			files = (
			);
			runOnlyForDeploymentPostprocessing = 0;
		};
		7CB23F571BA407F20014022B /* Frameworks */ = {
			isa = PBXFrameworksBuildPhase;
			buildActionMask = 2147483647;
			files = (
			);
			runOnlyForDeploymentPostprocessing = 0;
		};
/* End PBXFrameworksBuildPhase section */

/* Begin PBXGroup section */
		7CB23F3C1BA407F10014022B = {
			isa = PBXGroup;
			children = (
				7CB23F471BA407F10014022B /* exposhow */,
				7CB23F5D1BA407F20014022B /* exposhowTests */,
				7CB23F461BA407F10014022B /* Products */,
			);
			sourceTree = "<group>";
		};
		7CB23F461BA407F10014022B /* Products */ = {
			isa = PBXGroup;
			children = (
				7CB23F451BA407F10014022B /* exposhow.app */,
				7CB23F5A1BA407F20014022B /* exposhowTests.xctest */,
			);
			name = Products;
			sourceTree = "<group>";
		};
		7CB23F471BA407F10014022B /* exposhow */ = {
			isa = PBXGroup;
			children = (
				7CB23F6A1BA4087C0014022B /* map.png */,
				7CB23F6E1BA467780014022B /* pavilions.csv */,
				7CB23F701BA475440014022B /* PavilionsMap.swift */,
				7CB23F721BA4824B0014022B /* ImageMap.swift */,
				7CB23F4C1BA407F10014022B /* ViewController.swift */,
				7CB23F4E1BA407F10014022B /* Main.storyboard */,
				7CB23F511BA407F10014022B /* Images.xcassets */,
				7CB23F531BA407F10014022B /* LaunchScreen.xib */,
				7CB23F4A1BA407F10014022B /* AppDelegate.swift */,
				7CB23F481BA407F10014022B /* Supporting Files */,
			);
			path = exposhow;
			sourceTree = "<group>";
		};
		7CB23F481BA407F10014022B /* Supporting Files */ = {
			isa = PBXGroup;
			children = (
				7CB23F491BA407F10014022B /* Info.plist */,
			);
			name = "Supporting Files";
			sourceTree = "<group>";
		};
		7CB23F5D1BA407F20014022B /* exposhowTests */ = {
			isa = PBXGroup;
			children = (
				7CB23F601BA407F20014022B /* exposhowTests.swift */,
				7CB23F5E1BA407F20014022B /* Supporting Files */,
			);
			path = exposhowTests;
			sourceTree = "<group>";
		};
		7CB23F5E1BA407F20014022B /* Supporting Files */ = {
			isa = PBXGroup;
			children = (
				7CB23F5F1BA407F20014022B /* Info.plist */,
			);
			name = "Supporting Files";
			sourceTree = "<group>";
		};
/* End PBXGroup section */

/* Begin PBXNativeTarget section */
		7CB23F441BA407F10014022B /* exposhow */ = {
			isa = PBXNativeTarget;
			buildConfigurationList = 7CB23F641BA407F20014022B /* Build configuration list for PBXNativeTarget "exposhow" */;
			buildPhases = (
				7CB23F411BA407F10014022B /* Sources */,
				7CB23F421BA407F10014022B /* Frameworks */,
				7CB23F431BA407F10014022B /* Resources */,
			);
			buildRules = (
			);
			dependencies = (
			);
			name = exposhow;
			productName = exposhow;
			productReference = 7CB23F451BA407F10014022B /* exposhow.app */;
			productType = "com.apple.product-type.application";
		};
		7CB23F591BA407F20014022B /* exposhowTests */ = {
			isa = PBXNativeTarget;
			buildConfigurationList = 7CB23F671BA407F20014022B /* Build configuration list for PBXNativeTarget "exposhowTests" */;
			buildPhases = (
				7CB23F561BA407F20014022B /* Sources */,
				7CB23F571BA407F20014022B /* Frameworks */,
				7CB23F581BA407F20014022B /* Resources */,
			);
			buildRules = (
			);
			dependencies = (
				7CB23F5C1BA407F20014022B /* PBXTargetDependency */,
			);
			name = exposhowTests;
			productName = exposhowTests;
			productReference = 7CB23F5A1BA407F20014022B /* exposhowTests.xctest */;
			productType = "com.apple.product-type.bundle.unit-test";
		};
/* End PBXNativeTarget section */

/* Begin PBXProject section */
		7CB23F3D1BA407F10014022B /* Project object */ = {
			isa = PBXProject;
			attributes = {
				LastSwiftUpdateCheck = 0710;
				LastUpgradeCheck = 0710;
				ORGANIZATIONNAME = Ampullarius;
				TargetAttributes = {
					7CB23F441BA407F10014022B = {
						CreatedOnToolsVersion = 6.4;
					};
					7CB23F591BA407F20014022B = {
						CreatedOnToolsVersion = 6.4;
						TestTargetID = 7CB23F441BA407F10014022B;
					};
				};
			};
			buildConfigurationList = 7CB23F401BA407F10014022B /* Build configuration list for PBXProject "exposhow" */;
			compatibilityVersion = "Xcode 3.2";
			developmentRegion = English;
			hasScannedForEncodings = 0;
			knownRegions = (
				en,
				Base,
			);
			mainGroup = 7CB23F3C1BA407F10014022B;
			productRefGroup = 7CB23F461BA407F10014022B /* Products */;
			projectDirPath = "";
			projectRoot = "";
			targets = (
				7CB23F441BA407F10014022B /* exposhow */,
				7CB23F591BA407F20014022B /* exposhowTests */,
			);
		};
/* End PBXProject section */

/* Begin PBXResourcesBuildPhase section */
		7CB23F431BA407F10014022B /* Resources */ = {
			isa = PBXResourcesBuildPhase;
			buildActionMask = 2147483647;
			files = (
				7CB23F6B1BA4087C0014022B /* map.png in Resources */,
				7CB23F6F1BA467780014022B /* pavilions.csv in Resources */,
				7CB23F501BA407F10014022B /* Main.storyboard in Resources */,
				7CB23F551BA407F10014022B /* LaunchScreen.xib in Resources */,
				7CB23F521BA407F10014022B /* Images.xcassets in Resources */,
			);
			runOnlyForDeploymentPostprocessing = 0;
		};
		7CB23F581BA407F20014022B /* Resources */ = {
			isa = PBXResourcesBuildPhase;
			buildActionMask = 2147483647;
			files = (
			);
			runOnlyForDeploymentPostprocessing = 0;
		};
/* End PBXResourcesBuildPhase section */

/* Begin PBXSourcesBuildPhase section */
		7CB23F411BA407F10014022B /* Sources */ = {
			isa = PBXSourcesBuildPhase;
			buildActionMask = 2147483647;
			files = (
				7CB23F4D1BA407F10014022B /* ViewController.swift in Sources */,
				7CB23F711BA475440014022B /* PavilionsMap.swift in Sources */,
				7CB23F731BA4824B0014022B /* ImageMap.swift in Sources */,
				7CB23F4B1BA407F10014022B /* AppDelegate.swift in Sources */,
			);
			runOnlyForDeploymentPostprocessing = 0;
		};
		7CB23F561BA407F20014022B /* Sources */ = {
			isa = PBXSourcesBuildPhase;
			buildActionMask = 2147483647;
			files = (
				7CB23F611BA407F20014022B /* exposhowTests.swift in Sources */,
			);
			runOnlyForDeploymentPostprocessing = 0;
		};
/* End PBXSourcesBuildPhase section */

/* Begin PBXTargetDependency section */
		7CB23F5C1BA407F20014022B /* PBXTargetDependency */ = {
			isa = PBXTargetDependency;
			target = 7CB23F441BA407F10014022B /* exposhow */;
			targetProxy = 7CB23F5B1BA407F20014022B /* PBXContainerItemProxy */;
		};
/* End PBXTargetDependency section */

/* Begin PBXVariantGroup section */
		7CB23F4E1BA407F10014022B /* Main.storyboard */ = {
			isa = PBXVariantGroup;
			children = (
				7CB23F4F1BA407F10014022B /* Base */,
			);
			name = Main.storyboard;
			sourceTree = "<group>";
		};
		7CB23F531BA407F10014022B /* LaunchScreen.xib */ = {
			isa = PBXVariantGroup;
			children = (
				7CB23F541BA407F10014022B /* Base */,
			);
			name = LaunchScreen.xib;
			sourceTree = "<group>";
		};
/* End PBXVariantGroup section */

/* Begin XCBuildConfiguration section */
		7CB23F621BA407F20014022B /* Debug */ = {
			isa = XCBuildConfiguration;
			buildSettings = {
				ALWAYS_SEARCH_USER_PATHS = NO;
				CLANG_CXX_LANGUAGE_STANDARD = "gnu++0x";
				CLANG_CXX_LIBRARY = "libc++";
				CLANG_ENABLE_MODULES = YES;
				CLANG_ENABLE_OBJC_ARC = YES;
				CLANG_WARN_BOOL_CONVERSION = YES;
				CLANG_WARN_CONSTANT_CONVERSION = YES;
				CLANG_WARN_DIRECT_OBJC_ISA_USAGE = YES_ERROR;
				CLANG_WARN_EMPTY_BODY = YES;
				CLANG_WARN_ENUM_CONVERSION = YES;
				CLANG_WARN_INT_CONVERSION = YES;
				CLANG_WARN_OBJC_ROOT_CLASS = YES_ERROR;
				CLANG_WARN_UNREACHABLE_CODE = YES;
				CLANG_WARN__DUPLICATE_METHOD_MATCH = YES;
				"CODE_SIGN_IDENTITY[sdk=iphoneos*]" = "iPhone Developer";
				COPY_PHASE_STRIP = NO;
				DEBUG_INFORMATION_FORMAT = "dwarf-with-dsym";
				ENABLE_STRICT_OBJC_MSGSEND = YES;
				ENABLE_TESTABILITY = YES;
				GCC_C_LANGUAGE_STANDARD = gnu99;
				GCC_DYNAMIC_NO_PIC = NO;
				GCC_NO_COMMON_BLOCKS = YES;
				GCC_OPTIMIZATION_LEVEL = 0;
				GCC_PREPROCESSOR_DEFINITIONS = (
					"DEBUG=1",
					"$(inherited)",
				);
				GCC_SYMBOLS_PRIVATE_EXTERN = NO;
				GCC_WARN_64_TO_32_BIT_CONVERSION = YES;
				GCC_WARN_ABOUT_RETURN_TYPE = YES_ERROR;
				GCC_WARN_UNDECLARED_SELECTOR = YES;
				GCC_WARN_UNINITIALIZED_AUTOS = YES_AGGRESSIVE;
				GCC_WARN_UNUSED_FUNCTION = YES;
				GCC_WARN_UNUSED_VARIABLE = YES;
				IPHONEOS_DEPLOYMENT_TARGET = 7.0;
				MTL_ENABLE_DEBUG_INFO = YES;
				ONLY_ACTIVE_ARCH = YES;
				SDKROOT = iphoneos;
				SWIFT_OPTIMIZATION_LEVEL = "-Onone";
				TARGETED_DEVICE_FAMILY = "1,2";
			};
			name = Debug;
		};
		7CB23F631BA407F20014022B /* Release */ = {
			isa = XCBuildConfiguration;
			buildSettings = {
				ALWAYS_SEARCH_USER_PATHS = NO;
				CLANG_CXX_LANGUAGE_STANDARD = "gnu++0x";
				CLANG_CXX_LIBRARY = "libc++";
				CLANG_ENABLE_MODULES = YES;
				CLANG_ENABLE_OBJC_ARC = YES;
				CLANG_WARN_BOOL_CONVERSION = YES;
				CLANG_WARN_CONSTANT_CONVERSION = YES;
				CLANG_WARN_DIRECT_OBJC_ISA_USAGE = YES_ERROR;
				CLANG_WARN_EMPTY_BODY = YES;
				CLANG_WARN_ENUM_CONVERSION = YES;
				CLANG_WARN_INT_CONVERSION = YES;
				CLANG_WARN_OBJC_ROOT_CLASS = YES_ERROR;
				CLANG_WARN_UNREACHABLE_CODE = YES;
				CLANG_WARN__DUPLICATE_METHOD_MATCH = YES;
				"CODE_SIGN_IDENTITY[sdk=iphoneos*]" = "iPhone Developer";
				COPY_PHASE_STRIP = NO;
				DEBUG_INFORMATION_FORMAT = "dwarf-with-dsym";
				ENABLE_NS_ASSERTIONS = NO;
				ENABLE_STRICT_OBJC_MSGSEND = YES;
				GCC_C_LANGUAGE_STANDARD = gnu99;
				GCC_NO_COMMON_BLOCKS = YES;
				GCC_WARN_64_TO_32_BIT_CONVERSION = YES;
				GCC_WARN_ABOUT_RETURN_TYPE = YES_ERROR;
				GCC_WARN_UNDECLARED_SELECTOR = YES;
				GCC_WARN_UNINITIALIZED_AUTOS = YES_AGGRESSIVE;
				GCC_WARN_UNUSED_FUNCTION = YES;
				GCC_WARN_UNUSED_VARIABLE = YES;
				IPHONEOS_DEPLOYMENT_TARGET = 7.0;
				MTL_ENABLE_DEBUG_INFO = NO;
				SDKROOT = iphoneos;
				TARGETED_DEVICE_FAMILY = "1,2";
				VALIDATE_PRODUCT = YES;
			};
			name = Release;
		};
		7CB23F651BA407F20014022B /* Debug */ = {
			isa = XCBuildConfiguration;
			buildSettings = {
				ASSETCATALOG_COMPILER_APPICON_NAME = AppIcon;
				INFOPLIST_FILE = exposhow/Info.plist;
				LD_RUNPATH_SEARCH_PATHS = "$(inherited) @executable_path/Frameworks";
				PRODUCT_BUNDLE_IDENTIFIER = "com.ampullarius.$(PRODUCT_NAME:rfc1034identifier)";
				PRODUCT_NAME = "$(TARGET_NAME)";
			};
			name = Debug;
		};
		7CB23F661BA407F20014022B /* Release */ = {
			isa = XCBuildConfiguration;
			buildSettings = {
				ASSETCATALOG_COMPILER_APPICON_NAME = AppIcon;
				INFOPLIST_FILE = exposhow/Info.plist;
				LD_RUNPATH_SEARCH_PATHS = "$(inherited) @executable_path/Frameworks";
				PRODUCT_BUNDLE_IDENTIFIER = "com.ampullarius.$(PRODUCT_NAME:rfc1034identifier)";
				PRODUCT_NAME = "$(TARGET_NAME)";
			};
			name = Release;
		};
		7CB23F681BA407F20014022B /* Debug */ = {
			isa = XCBuildConfiguration;
			buildSettings = {
				BUNDLE_LOADER = "$(TEST_HOST)";
				FRAMEWORK_SEARCH_PATHS = (
					"$(SDKROOT)/Developer/Library/Frameworks",
					"$(inherited)",
				);
				GCC_PREPROCESSOR_DEFINITIONS = (
					"DEBUG=1",
					"$(inherited)",
				);
				INFOPLIST_FILE = exposhowTests/Info.plist;
				LD_RUNPATH_SEARCH_PATHS = "$(inherited) @executable_path/Frameworks @loader_path/Frameworks";
				PRODUCT_BUNDLE_IDENTIFIER = "com.ampullarius.$(PRODUCT_NAME:rfc1034identifier)";
				PRODUCT_NAME = "$(TARGET_NAME)";
				TEST_HOST = "$(BUILT_PRODUCTS_DIR)/exposhow.app/exposhow";
			};
			name = Debug;
		};
		7CB23F691BA407F20014022B /* Release */ = {
			isa = XCBuildConfiguration;
			buildSettings = {
				BUNDLE_LOADER = "$(TEST_HOST)";
				FRAMEWORK_SEARCH_PATHS = (
					"$(SDKROOT)/Developer/Library/Frameworks",
					"$(inherited)",
				);
				INFOPLIST_FILE = exposhowTests/Info.plist;
				LD_RUNPATH_SEARCH_PATHS = "$(inherited) @executable_path/Frameworks @loader_path/Frameworks";
				PRODUCT_BUNDLE_IDENTIFIER = "com.ampullarius.$(PRODUCT_NAME:rfc1034identifier)";
				PRODUCT_NAME = "$(TARGET_NAME)";
				TEST_HOST = "$(BUILT_PRODUCTS_DIR)/exposhow.app/exposhow";
			};
			name = Release;
		};
/* End XCBuildConfiguration section */

/* Begin XCConfigurationList section */
		7CB23F401BA407F10014022B /* Build configuration list for PBXProject "exposhow" */ = {
			isa = XCConfigurationList;
			buildConfigurations = (
				7CB23F621BA407F20014022B /* Debug */,
				7CB23F631BA407F20014022B /* Release */,
			);
			defaultConfigurationIsVisible = 0;
			defaultConfigurationName = Release;
		};
		7CB23F641BA407F20014022B /* Build configuration list for PBXNativeTarget "exposhow" */ = {
			isa = XCConfigurationList;
			buildConfigurations = (
				7CB23F651BA407F20014022B /* Debug */,
				7CB23F661BA407F20014022B /* Release */,
			);
			defaultConfigurationIsVisible = 0;
			defaultConfigurationName = Release;
		};
		7CB23F671BA407F20014022B /* Build configuration list for PBXNativeTarget "exposhowTests" */ = {
			isa = XCConfigurationList;
			buildConfigurations = (
				7CB23F681BA407F20014022B /* Debug */,
				7CB23F691BA407F20014022B /* Release */,
			);
			defaultConfigurationIsVisible = 0;
			defaultConfigurationName = Release;
		};
/* End XCConfigurationList section */
	};
	rootObject = 7CB23F3D1BA407F10014022B /* Project object */;
}
